
Microsoft Visual Studio Solution File, Format Version 12.00
# Visual Studio Version 16
VisualStudioVersion = 16.0.31019.35
MinimumVisualStudioVersion = 10.0.40219.1
Project("{FAE04EC0-301F-11D3-BF4B-00C04F79EFBC}") = "SeparacaoFilial.Android", "BaixaOP\BaixaOP.Android\SeparacaoFilial.Android.csproj", "{F8FBB138-4F4B-43FD-BBB8-4A495FD3976A}"
EndProject
Project("{9A19103F-16F7-4668-BE54-9A1E7A4F7556}") = "SeparacaoFilial", "BaixaOP\BaixaOP\SeparacaoFilial.csproj", "{1E1B2D10-F468-42AC-9DA6-1EFD3D433993}"
EndProject
Global
	GlobalSection(SolutionConfigurationPlatforms) = preSolution
		Debug|Any CPU = Debug|Any CPU
		Release|Any CPU = Release|Any CPU
	EndGlobalSection
	GlobalSection(ProjectConfigurationPlatforms) = postSolution
		{F8FBB138-4F4B-43FD-BBB8-4A495FD3976A}.Debug|Any CPU.ActiveCfg = Debug|Any CPU
		{F8FBB138-4F4B-43FD-BBB8-4A495FD3976A}.Debug|Any CPU.Build.0 = Debug|Any CPU
		{F8FBB138-4F4B-43FD-BBB8-4A495FD3976A}.Debug|Any CPU.Deploy.0 = Debug|Any CPU
		{F8FBB138-4F4B-43FD-BBB8-4A495FD3976A}.Release|Any CPU.ActiveCfg = Release|Any CPU
		{F8FBB138-4F4B-43FD-BBB8-4A495FD3976A}.Release|Any CPU.Build.0 = Release|Any CPU
		{F8FBB138-4F4B-43FD-BBB8-4A495FD3976A}.Release|Any CPU.Deploy.0 = Release|Any CPU
		{1E1B2D10-F468-42AC-9DA6-1EFD3D433993}.Debug|Any CPU.ActiveCfg = Debug|Any CPU
		{1E1B2D10-F468-42AC-9DA6-1EFD3D433993}.Debug|Any CPU.Build.0 = Debug|Any CPU
		{1E1B2D10-F468-42AC-9DA6-1EFD3D433993}.Debug|Any CPU.Deploy.0 = Debug|Any CPU
		{1E1B2D10-F468-42AC-9DA6-1EFD3D433993}.Release|Any CPU.ActiveCfg = Release|Any CPU
		{1E1B2D10-F468-42AC-9DA6-1EFD3D433993}.Release|Any CPU.Build.0 = Release|Any CPU
		{1E1B2D10-F468-42AC-9DA6-1EFD3D433993}.Release|Any CPU.Deploy.0 = Release|Any CPU
	EndGlobalSection
	GlobalSection(SolutionProperties) = preSolution
		HideSolutionNode = FALSE
	EndGlobalSection
	GlobalSection(ExtensibilityGlobals) = postSolution
		SolutionGuid = {94419334-F747-4177-828E-AFB251CECF32}
	EndGlobalSection
EndGlobal
